
Microsoft Visual Studio Solution File, Format Version 12.00
# Visual Studio Version 17
VisualStudioVersion = 17.13.35931.197 d17.13
MinimumVisualStudioVersion = 10.0.40219.1
Project("{FAE04EC0-301F-11D3-BF4B-00C04F79EFBC}") = "Idf-operation", "Idf-operation.csproj", "{716DE548-FD86-41EC-9288-28B0E533FB04}"
EndProject
Global
	GlobalSection(SolutionConfigurationPlatforms) = preSolution
		Debug|Any CPU = Debug|Any CPU
		Release|Any CPU = Release|Any CPU
	EndGlobalSection
	GlobalSection(ProjectConfigurationPlatforms) = postSolution
		{716DE548-FD86-41EC-9288-28B0E533FB04}.Debug|Any CPU.ActiveCfg = Debug|Any CPU
		{716DE548-FD86-41EC-9288-28B0E533FB04}.Debug|Any CPU.Build.0 = Debug|Any CPU
		{716DE548-FD86-41EC-9288-28B0E533FB04}.Release|Any CPU.ActiveCfg = Release|Any CPU
		{716DE548-FD86-41EC-9288-28B0E533FB04}.Release|Any CPU.Build.0 = Release|Any CPU
	EndGlobalSection
	GlobalSection(SolutionProperties) = preSolution
		HideSolutionNode = FALSE
	EndGlobalSection
	GlobalSection(ExtensibilityGlobals) = postSolution
		SolutionGuid = {3CF1429B-EA82-4574-8B54-208CF12C429B}
	EndGlobalSection
EndGlobal
